// !$*UTF8*$!
{
	archiveVersion = 1;
	classes = {
	};
	objectVersion = 56;
	objects = {

/* Begin PBXBuildFile section */
		5EF5C1CD2BB5F74400FFE7F5 /* AppDelegate.swift in Sources */ = {isa = PBXBuildFile; fileRef = 5EF5C1CC2BB5F74400FFE7F5 /* AppDelegate.swift */; };
		5EF5C1CF2BB5F74400FFE7F5 /* SceneDelegate.swift in Sources */ = {isa = PBXBuildFile; fileRef = 5EF5C1CE2BB5F74400FFE7F5 /* SceneDelegate.swift */; };
		5EF5C1D12BB5F74400FFE7F5 /* ViewController.swift in Sources */ = {isa = PBXBuildFile; fileRef = 5EF5C1D02BB5F74400FFE7F5 /* ViewController.swift */; };
		5EF5C1D42BB5F74400FFE7F5 /* Main.storyboard in Resources */ = {isa = PBXBuildFile; fileRef = 5EF5C1D22BB5F74400FFE7F5 /* Main.storyboard */; };
		5EF5C1D62BB5F74600FFE7F5 /* Assets.xcassets in Resources */ = {isa = PBXBuildFile; fileRef = 5EF5C1D52BB5F74600FFE7F5 /* Assets.xcassets */; };
		5EF5C1D92BB5F74600FFE7F5 /* LaunchScreen.storyboard in Resources */ = {isa = PBXBuildFile; fileRef = 5EF5C1D72BB5F74600FFE7F5 /* LaunchScreen.storyboard */; };
		5EF5C1E42BB5F74600FFE7F5 /* ServicesVkTests.swift in Sources */ = {isa = PBXBuildFile; fileRef = 5EF5C1E32BB5F74600FFE7F5 /* ServicesVkTests.swift */; };
		5EF5C1EE2BB5F74600FFE7F5 /* ServicesVkUITests.swift in Sources */ = {isa = PBXBuildFile; fileRef = 5EF5C1ED2BB5F74600FFE7F5 /* ServicesVkUITests.swift */; };
		5EF5C1F02BB5F74600FFE7F5 /* ServicesVkUITestsLaunchTests.swift in Sources */ = {isa = PBXBuildFile; fileRef = 5EF5C1EF2BB5F74600FFE7F5 /* ServicesVkUITestsLaunchTests.swift */; };
/* End PBXBuildFile section */

/* Begin PBXContainerItemProxy section */
		5EF5C1E02BB5F74600FFE7F5 /* PBXContainerItemProxy */ = {
			isa = PBXContainerItemProxy;
			containerPortal = 5EF5C1C12BB5F74400FFE7F5 /* Project object */;
			proxyType = 1;
			remoteGlobalIDString = 5EF5C1C82BB5F74400FFE7F5;
			remoteInfo = ServicesVk;
		};
		5EF5C1EA2BB5F74600FFE7F5 /* PBXContainerItemProxy */ = {
			isa = PBXContainerItemProxy;
			containerPortal = 5EF5C1C12BB5F74400FFE7F5 /* Project object */;
			proxyType = 1;
			remoteGlobalIDString = 5EF5C1C82BB5F74400FFE7F5;
			remoteInfo = ServicesVk;
		};
/* End PBXContainerItemProxy section */

/* Begin PBXFileReference section */
		5EF5C1C92BB5F74400FFE7F5 /* ServicesVk.app */ = {isa = PBXFileReference; explicitFileType = wrapper.application; includeInIndex = 0; path = ServicesVk.app; sourceTree = BUILT_PRODUCTS_DIR; };
		5EF5C1CC2BB5F74400FFE7F5 /* AppDelegate.swift */ = {isa = PBXFileReference; lastKnownFileType = sourcecode.swift; path = AppDelegate.swift; sourceTree = "<group>"; };
		5EF5C1CE2BB5F74400FFE7F5 /* SceneDelegate.swift */ = {isa = PBXFileReference; lastKnownFileType = sourcecode.swift; path = SceneDelegate.swift; sourceTree = "<group>"; };
		5EF5C1D02BB5F74400FFE7F5 /* ViewController.swift */ = {isa = PBXFileReference; lastKnownFileType = sourcecode.swift; path = ViewController.swift; sourceTree = "<group>"; };
		5EF5C1D32BB5F74400FFE7F5 /* Base */ = {isa = PBXFileReference; lastKnownFileType = file.storyboard; name = Base; path = Base.lproj/Main.storyboard; sourceTree = "<group>"; };
		5EF5C1D52BB5F74600FFE7F5 /* Assets.xcassets */ = {isa = PBXFileReference; lastKnownFileType = folder.assetcatalog; path = Assets.xcassets; sourceTree = "<group>"; };
		5EF5C1D82BB5F74600FFE7F5 /* Base */ = {isa = PBXFileReference; lastKnownFileType = file.storyboard; name = Base; path = Base.lproj/LaunchScreen.storyboard; sourceTree = "<group>"; };
		5EF5C1DA2BB5F74600FFE7F5 /* Info.plist */ = {isa = PBXFileReference; lastKnownFileType = text.plist.xml; path = Info.plist; sourceTree = "<group>"; };
		5EF5C1DF2BB5F74600FFE7F5 /* ServicesVkTests.xctest */ = {isa = PBXFileReference; explicitFileType = wrapper.cfbundle; includeInIndex = 0; path = ServicesVkTests.xctest; sourceTree = BUILT_PRODUCTS_DIR; };
		5EF5C1E32BB5F74600FFE7F5 /* ServicesVkTests.swift */ = {isa = PBXFileReference; lastKnownFileType = sourcecode.swift; path = ServicesVkTests.swift; sourceTree = "<group>"; };
		5EF5C1E92BB5F74600FFE7F5 /* ServicesVkUITests.xctest */ = {isa = PBXFileReference; explicitFileType = wrapper.cfbundle; includeInIndex = 0; path = ServicesVkUITests.xctest; sourceTree = BUILT_PRODUCTS_DIR; };
		5EF5C1ED2BB5F74600FFE7F5 /* ServicesVkUITests.swift */ = {isa = PBXFileReference; lastKnownFileType = sourcecode.swift; path = ServicesVkUITests.swift; sourceTree = "<group>"; };
		5EF5C1EF2BB5F74600FFE7F5 /* ServicesVkUITestsLaunchTests.swift */ = {isa = PBXFileReference; lastKnownFileType = sourcecode.swift; path = ServicesVkUITestsLaunchTests.swift; sourceTree = "<group>"; };
/* End PBXFileReference section */

/* Begin PBXFrameworksBuildPhase section */
		5EF5C1C62BB5F74400FFE7F5 /* Frameworks */ = {
			isa = PBXFrameworksBuildPhase;
			buildActionMask = 2147483647;
			files = (
			);
			runOnlyForDeploymentPostprocessing = 0;
		};
		5EF5C1DC2BB5F74600FFE7F5 /* Frameworks */ = {
			isa = PBXFrameworksBuildPhase;
			buildActionMask = 2147483647;
			files = (
			);
			runOnlyForDeploymentPostprocessing = 0;
		};
		5EF5C1E62BB5F74600FFE7F5 /* Frameworks */ = {
			isa = PBXFrameworksBuildPhase;
			buildActionMask = 2147483647;
			files = (
			);
			runOnlyForDeploymentPostprocessing = 0;
		};
/* End PBXFrameworksBuildPhase section */

/* Begin PBXGroup section */
		5EF5C1C02BB5F74400FFE7F5 = {
			isa = PBXGroup;
			children = (
				5EF5C1CB2BB5F74400FFE7F5 /* ServicesVk */,
				5EF5C1E22BB5F74600FFE7F5 /* ServicesVkTests */,
				5EF5C1EC2BB5F74600FFE7F5 /* ServicesVkUITests */,
				5EF5C1CA2BB5F74400FFE7F5 /* Products */,
			);
			sourceTree = "<group>";
		};
		5EF5C1CA2BB5F74400FFE7F5 /* Products */ = {
			isa = PBXGroup;
			children = (
				5EF5C1C92BB5F74400FFE7F5 /* ServicesVk.app */,
				5EF5C1DF2BB5F74600FFE7F5 /* ServicesVkTests.xctest */,
				5EF5C1E92BB5F74600FFE7F5 /* ServicesVkUITests.xctest */,
			);
			name = Products;
			sourceTree = "<group>";
		};
		5EF5C1CB2BB5F74400FFE7F5 /* ServicesVk */ = {
			isa = PBXGroup;
			children = (
				5EF5C1CC2BB5F74400FFE7F5 /* AppDelegate.swift */,
				5EF5C1CE2BB5F74400FFE7F5 /* SceneDelegate.swift */,
				5EF5C1D02BB5F74400FFE7F5 /* ViewController.swift */,
				5EF5C1D22BB5F74400FFE7F5 /* Main.storyboard */,
				5EF5C1D52BB5F74600FFE7F5 /* Assets.xcassets */,
				5EF5C1D72BB5F74600FFE7F5 /* LaunchScreen.storyboard */,
				5EF5C1DA2BB5F74600FFE7F5 /* Info.plist */,
			);
			path = ServicesVk;
			sourceTree = "<group>";
		};
		5EF5C1E22BB5F74600FFE7F5 /* ServicesVkTests */ = {
			isa = PBXGroup;
			children = (
				5EF5C1E32BB5F74600FFE7F5 /* ServicesVkTests.swift */,
			);
			path = ServicesVkTests;
			sourceTree = "<group>";
		};
		5EF5C1EC2BB5F74600FFE7F5 /* ServicesVkUITests */ = {
			isa = PBXGroup;
			children = (
				5EF5C1ED2BB5F74600FFE7F5 /* ServicesVkUITests.swift */,
				5EF5C1EF2BB5F74600FFE7F5 /* ServicesVkUITestsLaunchTests.swift */,
			);
			path = ServicesVkUITests;
			sourceTree = "<group>";
		};
/* End PBXGroup section */

/* Begin PBXNativeTarget section */
		5EF5C1C82BB5F74400FFE7F5 /* ServicesVk */ = {
			isa = PBXNativeTarget;
			buildConfigurationList = 5EF5C1F32BB5F74600FFE7F5 /* Build configuration list for PBXNativeTarget "ServicesVk" */;
			buildPhases = (
				5EF5C1C52BB5F74400FFE7F5 /* Sources */,
				5EF5C1C62BB5F74400FFE7F5 /* Frameworks */,
				5EF5C1C72BB5F74400FFE7F5 /* Resources */,
			);
			buildRules = (
			);
			dependencies = (
			);
			name = ServicesVk;
			productName = ServicesVk;
			productReference = 5EF5C1C92BB5F74400FFE7F5 /* ServicesVk.app */;
			productType = "com.apple.product-type.application";
		};
		5EF5C1DE2BB5F74600FFE7F5 /* ServicesVkTests */ = {
			isa = PBXNativeTarget;
			buildConfigurationList = 5EF5C1F62BB5F74600FFE7F5 /* Build configuration list for PBXNativeTarget "ServicesVkTests" */;
			buildPhases = (
				5EF5C1DB2BB5F74600FFE7F5 /* Sources */,
				5EF5C1DC2BB5F74600FFE7F5 /* Frameworks */,
				5EF5C1DD2BB5F74600FFE7F5 /* Resources */,
			);
			buildRules = (
			);
			dependencies = (
				5EF5C1E12BB5F74600FFE7F5 /* PBXTargetDependency */,
			);
			name = ServicesVkTests;
			productName = ServicesVkTests;
			productReference = 5EF5C1DF2BB5F74600FFE7F5 /* ServicesVkTests.xctest */;
			productType = "com.apple.product-type.bundle.unit-test";
		};
		5EF5C1E82BB5F74600FFE7F5 /* ServicesVkUITests */ = {
			isa = PBXNativeTarget;
			buildConfigurationList = 5EF5C1F92BB5F74600FFE7F5 /* Build configuration list for PBXNativeTarget "ServicesVkUITests" */;
			buildPhases = (
				5EF5C1E52BB5F74600FFE7F5 /* Sources */,
				5EF5C1E62BB5F74600FFE7F5 /* Frameworks */,
				5EF5C1E72BB5F74600FFE7F5 /* Resources */,
			);
			buildRules = (
			);
			dependencies = (
				5EF5C1EB2BB5F74600FFE7F5 /* PBXTargetDependency */,
			);
			name = ServicesVkUITests;
			productName = ServicesVkUITests;
			productReference = 5EF5C1E92BB5F74600FFE7F5 /* ServicesVkUITests.xctest */;
			productType = "com.apple.product-type.bundle.ui-testing";
		};
/* End PBXNativeTarget section */

/* Begin PBXProject section */
		5EF5C1C12BB5F74400FFE7F5 /* Project object */ = {
			isa = PBXProject;
			attributes = {
				BuildIndependentTargetsInParallel = 1;
				LastSwiftUpdateCheck = 1520;
				LastUpgradeCheck = 1520;
				TargetAttributes = {
					5EF5C1C82BB5F74400FFE7F5 = {
						CreatedOnToolsVersion = 15.2;
					};
					5EF5C1DE2BB5F74600FFE7F5 = {
						CreatedOnToolsVersion = 15.2;
						TestTargetID = 5EF5C1C82BB5F74400FFE7F5;
					};
					5EF5C1E82BB5F74600FFE7F5 = {
						CreatedOnToolsVersion = 15.2;
						TestTargetID = 5EF5C1C82BB5F74400FFE7F5;
					};
				};
			};
			buildConfigurationList = 5EF5C1C42BB5F74400FFE7F5 /* Build configuration list for PBXProject "ServicesVk" */;
			compatibilityVersion = "Xcode 14.0";
			developmentRegion = en;
			hasScannedForEncodings = 0;
			knownRegions = (
				en,
				Base,
			);
			mainGroup = 5EF5C1C02BB5F74400FFE7F5;
			productRefGroup = 5EF5C1CA2BB5F74400FFE7F5 /* Products */;
			projectDirPath = "";
			projectRoot = "";
			targets = (
				5EF5C1C82BB5F74400FFE7F5 /* ServicesVk */,
				5EF5C1DE2BB5F74600FFE7F5 /* ServicesVkTests */,
				5EF5C1E82BB5F74600FFE7F5 /* ServicesVkUITests */,
			);
		};
/* End PBXProject section */

/* Begin PBXResourcesBuildPhase section */
		5EF5C1C72BB5F74400FFE7F5 /* Resources */ = {
			isa = PBXResourcesBuildPhase;
			buildActionMask = 2147483647;
			files = (
				5EF5C1D92BB5F74600FFE7F5 /* LaunchScreen.storyboard in Resources */,
				5EF5C1D62BB5F74600FFE7F5 /* Assets.xcassets in Resources */,
				5EF5C1D42BB5F74400FFE7F5 /* Main.storyboard in Resources */,
			);
			runOnlyForDeploymentPostprocessing = 0;
		};
		5EF5C1DD2BB5F74600FFE7F5 /* Resources */ = {
			isa = PBXResourcesBuildPhase;
			buildActionMask = 2147483647;
			files = (
			);
			runOnlyForDeploymentPostprocessing = 0;
		};
		5EF5C1E72BB5F74600FFE7F5 /* Resources */ = {
			isa = PBXResourcesBuildPhase;
			buildActionMask = 2147483647;
			files = (
			);
			runOnlyForDeploymentPostprocessing = 0;
		};
/* End PBXResourcesBuildPhase section */

/* Begin PBXSourcesBuildPhase section */
		5EF5C1C52BB5F74400FFE7F5 /* Sources */ = {
			isa = PBXSourcesBuildPhase;
			buildActionMask = 2147483647;
			files = (
				5EF5C1D12BB5F74400FFE7F5 /* ViewController.swift in Sources */,
				5EF5C1CD2BB5F74400FFE7F5 /* AppDelegate.swift in Sources */,
				5EF5C1CF2BB5F74400FFE7F5 /* SceneDelegate.swift in Sources */,
			);
			runOnlyForDeploymentPostprocessing = 0;
		};
		5EF5C1DB2BB5F74600FFE7F5 /* Sources */ = {
			isa = PBXSourcesBuildPhase;
			buildActionMask = 2147483647;
			files = (
				5EF5C1E42BB5F74600FFE7F5 /* ServicesVkTests.swift in Sources */,
			);
			runOnlyForDeploymentPostprocessing = 0;
		};
		5EF5C1E52BB5F74600FFE7F5 /* Sources */ = {
			isa = PBXSourcesBuildPhase;
			buildActionMask = 2147483647;
			files = (
				5EF5C1EE2BB5F74600FFE7F5 /* ServicesVkUITests.swift in Sources */,
				5EF5C1F02BB5F74600FFE7F5 /* ServicesVkUITestsLaunchTests.swift in Sources */,
			);
			runOnlyForDeploymentPostprocessing = 0;
		};
/* End PBXSourcesBuildPhase section */

/* Begin PBXTargetDependency section */
		5EF5C1E12BB5F74600FFE7F5 /* PBXTargetDependency */ = {
			isa = PBXTargetDependency;
			target = 5EF5C1C82BB5F74400FFE7F5 /* ServicesVk */;
			targetProxy = 5EF5C1E02BB5F74600FFE7F5 /* PBXContainerItemProxy */;
		};
		5EF5C1EB2BB5F74600FFE7F5 /* PBXTargetDependency */ = {
			isa = PBXTargetDependency;
			target = 5EF5C1C82BB5F74400FFE7F5 /* ServicesVk */;
			targetProxy = 5EF5C1EA2BB5F74600FFE7F5 /* PBXContainerItemProxy */;
		};
/* End PBXTargetDependency section */

/* Begin PBXVariantGroup section */
		5EF5C1D22BB5F74400FFE7F5 /* Main.storyboard */ = {
			isa = PBXVariantGroup;
			children = (
				5EF5C1D32BB5F74400FFE7F5 /* Base */,
			);
			name = Main.storyboard;
			sourceTree = "<group>";
		};
		5EF5C1D72BB5F74600FFE7F5 /* LaunchScreen.storyboard */ = {
			isa = PBXVariantGroup;
			children = (
				5EF5C1D82BB5F74600FFE7F5 /* Base */,
			);
			name = LaunchScreen.storyboard;
			sourceTree = "<group>";
		};
/* End PBXVariantGroup section */

/* Begin XCBuildConfiguration section */
		5EF5C1F12BB5F74600FFE7F5 /* Debug */ = {
			isa = XCBuildConfiguration;
			buildSettings = {
				ALWAYS_SEARCH_USER_PATHS = NO;
				ASSETCATALOG_COMPILER_GENERATE_SWIFT_ASSET_SYMBOL_EXTENSIONS = YES;
				CLANG_ANALYZER_NONNULL = YES;
				CLANG_ANALYZER_NUMBER_OBJECT_CONVERSION = YES_AGGRESSIVE;
				CLANG_CXX_LANGUAGE_STANDARD = "gnu++20";
				CLANG_ENABLE_MODULES = YES;
				CLANG_ENABLE_OBJC_ARC = YES;
				CLANG_ENABLE_OBJC_WEAK = YES;
				CLANG_WARN_BLOCK_CAPTURE_AUTORELEASING = YES;
				CLANG_WARN_BOOL_CONVERSION = YES;
				CLANG_WARN_COMMA = YES;
				CLANG_WARN_CONSTANT_CONVERSION = YES;
				CLANG_WARN_DEPRECATED_OBJC_IMPLEMENTATIONS = YES;
				CLANG_WARN_DIRECT_OBJC_ISA_USAGE = YES_ERROR;
				CLANG_WARN_DOCUMENTATION_COMMENTS = YES;
				CLANG_WARN_EMPTY_BODY = YES;
				CLANG_WARN_ENUM_CONVERSION = YES;
				CLANG_WARN_INFINITE_RECURSION = YES;
				CLANG_WARN_INT_CONVERSION = YES;
				CLANG_WARN_NON_LITERAL_NULL_CONVERSION = YES;
				CLANG_WARN_OBJC_IMPLICIT_RETAIN_SELF = YES;
				CLANG_WARN_OBJC_LITERAL_CONVERSION = YES;
				CLANG_WARN_OBJC_ROOT_CLASS = YES_ERROR;
				CLANG_WARN_QUOTED_INCLUDE_IN_FRAMEWORK_HEADER = YES;
				CLANG_WARN_RANGE_LOOP_ANALYSIS = YES;
				CLANG_WARN_STRICT_PROTOTYPES = YES;
				CLANG_WARN_SUSPICIOUS_MOVE = YES;
				CLANG_WARN_UNGUARDED_AVAILABILITY = YES_AGGRESSIVE;
				CLANG_WARN_UNREACHABLE_CODE = YES;
				CLANG_WARN__DUPLICATE_METHOD_MATCH = YES;
				COPY_PHASE_STRIP = NO;
				DEBUG_INFORMATION_FORMAT = dwarf;
				ENABLE_STRICT_OBJC_MSGSEND = YES;
				ENABLE_TESTABILITY = YES;
				ENABLE_USER_SCRIPT_SANDBOXING = YES;
				GCC_C_LANGUAGE_STANDARD = gnu17;
				GCC_DYNAMIC_NO_PIC = NO;
				GCC_NO_COMMON_BLOCKS = YES;
				GCC_OPTIMIZATION_LEVEL = 0;
				GCC_PREPROCESSOR_DEFINITIONS = (
					"DEBUG=1",
					"$(inherited)",
				);
				GCC_WARN_64_TO_32_BIT_CONVERSION = YES;
				GCC_WARN_ABOUT_RETURN_TYPE = YES_ERROR;
				GCC_WARN_UNDECLARED_SELECTOR = YES;
				GCC_WARN_UNINITIALIZED_AUTOS = YES_AGGRESSIVE;
				GCC_WARN_UNUSED_FUNCTION = YES;
				GCC_WARN_UNUSED_VARIABLE = YES;
				IPHONEOS_DEPLOYMENT_TARGET = 17.2;
				LOCALIZATION_PREFERS_STRING_CATALOGS = YES;
				MTL_ENABLE_DEBUG_INFO = INCLUDE_SOURCE;
				MTL_FAST_MATH = YES;
				ONLY_ACTIVE_ARCH = YES;
				SDKROOT = iphoneos;
				SWIFT_ACTIVE_COMPILATION_CONDITIONS = "DEBUG $(inherited)";
				SWIFT_OPTIMIZATION_LEVEL = "-Onone";
			};
			name = Debug;
		};
		5EF5C1F22BB5F74600FFE7F5 /* Release */ = {
			isa = XCBuildConfiguration;
			buildSettings = {
				ALWAYS_SEARCH_USER_PATHS = NO;
				ASSETCATALOG_COMPILER_GENERATE_SWIFT_ASSET_SYMBOL_EXTENSIONS = YES;
				CLANG_ANALYZER_NONNULL = YES;
				CLANG_ANALYZER_NUMBER_OBJECT_CONVERSION = YES_AGGRESSIVE;
				CLANG_CXX_LANGUAGE_STANDARD = "gnu++20";
				CLANG_ENABLE_MODULES = YES;
				CLANG_ENABLE_OBJC_ARC = YES;
				CLANG_ENABLE_OBJC_WEAK = YES;
				CLANG_WARN_BLOCK_CAPTURE_AUTORELEASING = YES;
				CLANG_WARN_BOOL_CONVERSION = YES;
				CLANG_WARN_COMMA = YES;
				CLANG_WARN_CONSTANT_CONVERSION = YES;
				CLANG_WARN_DEPRECATED_OBJC_IMPLEMENTATIONS = YES;
				CLANG_WARN_DIRECT_OBJC_ISA_USAGE = YES_ERROR;
				CLANG_WARN_DOCUMENTATION_COMMENTS = YES;
				CLANG_WARN_EMPTY_BODY = YES;
				CLANG_WARN_ENUM_CONVERSION = YES;
				CLANG_WARN_INFINITE_RECURSION = YES;
				CLANG_WARN_INT_CONVERSION = YES;
				CLANG_WARN_NON_LITERAL_NULL_CONVERSION = YES;
				CLANG_WARN_OBJC_IMPLICIT_RETAIN_SELF = YES;
				CLANG_WARN_OBJC_LITERAL_CONVERSION = YES;
				CLANG_WARN_OBJC_ROOT_CLASS = YES_ERROR;
				CLANG_WARN_QUOTED_INCLUDE_IN_FRAMEWORK_HEADER = YES;
				CLANG_WARN_RANGE_LOOP_ANALYSIS = YES;
				CLANG_WARN_STRICT_PROTOTYPES = YES;
				CLANG_WARN_SUSPICIOUS_MOVE = YES;
				CLANG_WARN_UNGUARDED_AVAILABILITY = YES_AGGRESSIVE;
				CLANG_WARN_UNREACHABLE_CODE = YES;
				CLANG_WARN__DUPLICATE_METHOD_MATCH = YES;
				COPY_PHASE_STRIP = NO;
				DEBUG_INFORMATION_FORMAT = "dwarf-with-dsym";
				ENABLE_NS_ASSERTIONS = NO;
				ENABLE_STRICT_OBJC_MSGSEND = YES;
				ENABLE_USER_SCRIPT_SANDBOXING = YES;
				GCC_C_LANGUAGE_STANDARD = gnu17;
				GCC_NO_COMMON_BLOCKS = YES;
				GCC_WARN_64_TO_32_BIT_CONVERSION = YES;
				GCC_WARN_ABOUT_RETURN_TYPE = YES_ERROR;
				GCC_WARN_UNDECLARED_SELECTOR = YES;
				GCC_WARN_UNINITIALIZED_AUTOS = YES_AGGRESSIVE;
				GCC_WARN_UNUSED_FUNCTION = YES;
				GCC_WARN_UNUSED_VARIABLE = YES;
				IPHONEOS_DEPLOYMENT_TARGET = 17.2;
				LOCALIZATION_PREFERS_STRING_CATALOGS = YES;
				MTL_ENABLE_DEBUG_INFO = NO;
				MTL_FAST_MATH = YES;
				SDKROOT = iphoneos;
				SWIFT_COMPILATION_MODE = wholemodule;
				VALIDATE_PRODUCT = YES;
			};
			name = Release;
		};
		5EF5C1F42BB5F74600FFE7F5 /* Debug */ = {
			isa = XCBuildConfiguration;
			buildSettings = {
				ASSETCATALOG_COMPILER_APPICON_NAME = AppIcon;
				ASSETCATALOG_COMPILER_GLOBAL_ACCENT_COLOR_NAME = AccentColor;
				CODE_SIGN_STYLE = Automatic;
				CURRENT_PROJECT_VERSION = 1;
				DEVELOPMENT_TEAM = YK49B357PZ;
				GENERATE_INFOPLIST_FILE = YES;
				INFOPLIST_FILE = ServicesVk/Info.plist;
				INFOPLIST_KEY_UIApplicationSupportsIndirectInputEvents = YES;
				INFOPLIST_KEY_UILaunchStoryboardName = LaunchScreen;
				INFOPLIST_KEY_UIMainStoryboardFile = Main;
				INFOPLIST_KEY_UISupportedInterfaceOrientations_iPad = "UIInterfaceOrientationPortrait UIInterfaceOrientationPortraitUpsideDown UIInterfaceOrientationLandscapeLeft UIInterfaceOrientationLandscapeRight";
				INFOPLIST_KEY_UISupportedInterfaceOrientations_iPhone = "UIInterfaceOrientationPortrait UIInterfaceOrientationLandscapeLeft UIInterfaceOrientationLandscapeRight";
				LD_RUNPATH_SEARCH_PATHS = (
					"$(inherited)",
					"@executable_path/Frameworks",
				);
				MARKETING_VERSION = 1.0;
				PRODUCT_BUNDLE_IDENTIFIER = "-.ServicesVk";
				PRODUCT_NAME = "$(TARGET_NAME)";
				SWIFT_EMIT_LOC_STRINGS = YES;
				SWIFT_VERSION = 5.0;
				TARGETED_DEVICE_FAMILY = "1,2";
			};
			name = Debug;
		};
		5EF5C1F52BB5F74600FFE7F5 /* Release */ = {
			isa = XCBuildConfiguration;
			buildSettings = {
				ASSETCATALOG_COMPILER_APPICON_NAME = AppIcon;
				ASSETCATALOG_COMPILER_GLOBAL_ACCENT_COLOR_NAME = AccentColor;
				CODE_SIGN_STYLE = Automatic;
				CURRENT_PROJECT_VERSION = 1;
				DEVELOPMENT_TEAM = YK49B357PZ;
				GENERATE_INFOPLIST_FILE = YES;
				INFOPLIST_FILE = ServicesVk/Info.plist;
				INFOPLIST_KEY_UIApplicationSupportsIndirectInputEvents = YES;
				INFOPLIST_KEY_UILaunchStoryboardName = LaunchScreen;
				INFOPLIST_KEY_UIMainStoryboardFile = Main;
				INFOPLIST_KEY_UISupportedInterfaceOrientations_iPad = "UIInterfaceOrientationPortrait UIInterfaceOrientationPortraitUpsideDown UIInterfaceOrientationLandscapeLeft UIInterfaceOrientationLandscapeRight";
				INFOPLIST_KEY_UISupportedInterfaceOrientations_iPhone = "UIInterfaceOrientationPortrait UIInterfaceOrientationLandscapeLeft UIInterfaceOrientationLandscapeRight";
				LD_RUNPATH_SEARCH_PATHS = (
					"$(inherited)",
					"@executable_path/Frameworks",
				);
				MARKETING_VERSION = 1.0;
				PRODUCT_BUNDLE_IDENTIFIER = "-.ServicesVk";
				PRODUCT_NAME = "$(TARGET_NAME)";
				SWIFT_EMIT_LOC_STRINGS = YES;
				SWIFT_VERSION = 5.0;
				TARGETED_DEVICE_FAMILY = "1,2";
			};
			name = Release;
		};
		5EF5C1F72BB5F74600FFE7F5 /* Debug */ = {
			isa = XCBuildConfiguration;
			buildSettings = {
				ALWAYS_EMBED_SWIFT_STANDARD_LIBRARIES = YES;
				BUNDLE_LOADER = "$(TEST_HOST)";
				CODE_SIGN_STYLE = Automatic;
				CURRENT_PROJECT_VERSION = 1;
				DEVELOPMENT_TEAM = YK49B357PZ;
				GENERATE_INFOPLIST_FILE = YES;
				IPHONEOS_DEPLOYMENT_TARGET = 17.2;
				MARKETING_VERSION = 1.0;
				PRODUCT_BUNDLE_IDENTIFIER = "-.ServicesVkTests";
				PRODUCT_NAME = "$(TARGET_NAME)";
				SWIFT_EMIT_LOC_STRINGS = NO;
				SWIFT_VERSION = 5.0;
				TARGETED_DEVICE_FAMILY = "1,2";
				TEST_HOST = "$(BUILT_PRODUCTS_DIR)/ServicesVk.app/$(BUNDLE_EXECUTABLE_FOLDER_PATH)/ServicesVk";
			};
			name = Debug;
		};
		5EF5C1F82BB5F74600FFE7F5 /* Release */ = {
			isa = XCBuildConfiguration;
			buildSettings = {
				ALWAYS_EMBED_SWIFT_STANDARD_LIBRARIES = YES;
				BUNDLE_LOADER = "$(TEST_HOST)";
				CODE_SIGN_STYLE = Automatic;
				CURRENT_PROJECT_VERSION = 1;
				DEVELOPMENT_TEAM = YK49B357PZ;
				GENERATE_INFOPLIST_FILE = YES;
				IPHONEOS_DEPLOYMENT_TARGET = 17.2;
				MARKETING_VERSION = 1.0;
				PRODUCT_BUNDLE_IDENTIFIER = "-.ServicesVkTests";
				PRODUCT_NAME = "$(TARGET_NAME)";
				SWIFT_EMIT_LOC_STRINGS = NO;
				SWIFT_VERSION = 5.0;
				TARGETED_DEVICE_FAMILY = "1,2";
				TEST_HOST = "$(BUILT_PRODUCTS_DIR)/ServicesVk.app/$(BUNDLE_EXECUTABLE_FOLDER_PATH)/ServicesVk";
			};
			name = Release;
		};
		5EF5C1FA2BB5F74600FFE7F5 /* Debug */ = {
			isa = XCBuildConfiguration;
			buildSettings = {
				ALWAYS_EMBED_SWIFT_STANDARD_LIBRARIES = YES;
				CODE_SIGN_STYLE = Automatic;
				CURRENT_PROJECT_VERSION = 1;
				DEVELOPMENT_TEAM = YK49B357PZ;
				GENERATE_INFOPLIST_FILE = YES;
				MARKETING_VERSION = 1.0;
				PRODUCT_BUNDLE_IDENTIFIER = "-.ServicesVkUITests";
				PRODUCT_NAME = "$(TARGET_NAME)";
				SWIFT_EMIT_LOC_STRINGS = NO;
				SWIFT_VERSION = 5.0;
				TARGETED_DEVICE_FAMILY = "1,2";
				TEST_TARGET_NAME = ServicesVk;
			};
			name = Debug;
		};
		5EF5C1FB2BB5F74600FFE7F5 /* Release */ = {
			isa = XCBuildConfiguration;
			buildSettings = {
				ALWAYS_EMBED_SWIFT_STANDARD_LIBRARIES = YES;
				CODE_SIGN_STYLE = Automatic;
				CURRENT_PROJECT_VERSION = 1;
				DEVELOPMENT_TEAM = YK49B357PZ;
				GENERATE_INFOPLIST_FILE = YES;
				MARKETING_VERSION = 1.0;
				PRODUCT_BUNDLE_IDENTIFIER = "-.ServicesVkUITests";
				PRODUCT_NAME = "$(TARGET_NAME)";
				SWIFT_EMIT_LOC_STRINGS = NO;
				SWIFT_VERSION = 5.0;
				TARGETED_DEVICE_FAMILY = "1,2";
				TEST_TARGET_NAME = ServicesVk;
			};
			name = Release;
		};
/* End XCBuildConfiguration section */

/* Begin XCConfigurationList section */
		5EF5C1C42BB5F74400FFE7F5 /* Build configuration list for PBXProject "ServicesVk" */ = {
			isa = XCConfigurationList;
			buildConfigurations = (
				5EF5C1F12BB5F74600FFE7F5 /* Debug */,
				5EF5C1F22BB5F74600FFE7F5 /* Release */,
			);
			defaultConfigurationIsVisible = 0;
			defaultConfigurationName = Release;
		};
		5EF5C1F32BB5F74600FFE7F5 /* Build configuration list for PBXNativeTarget "ServicesVk" */ = {
			isa = XCConfigurationList;
			buildConfigurations = (
				5EF5C1F42BB5F74600FFE7F5 /* Debug */,
				5EF5C1F52BB5F74600FFE7F5 /* Release */,
			);
			defaultConfigurationIsVisible = 0;
			defaultConfigurationName = Release;
		};
		5EF5C1F62BB5F74600FFE7F5 /* Build configuration list for PBXNativeTarget "ServicesVkTests" */ = {
			isa = XCConfigurationList;
			buildConfigurations = (
				5EF5C1F72BB5F74600FFE7F5 /* Debug */,
				5EF5C1F82BB5F74600FFE7F5 /* Release */,
			);
			defaultConfigurationIsVisible = 0;
			defaultConfigurationName = Release;
		};
		5EF5C1F92BB5F74600FFE7F5 /* Build configuration list for PBXNativeTarget "ServicesVkUITests" */ = {
			isa = XCConfigurationList;
			buildConfigurations = (
				5EF5C1FA2BB5F74600FFE7F5 /* Debug */,
				5EF5C1FB2BB5F74600FFE7F5 /* Release */,
			);
			defaultConfigurationIsVisible = 0;
			defaultConfigurationName = Release;
		};
/* End XCConfigurationList section */
	};
	rootObject = 5EF5C1C12BB5F74400FFE7F5 /* Project object */;
}
